<Solution>
  <Folder Name="/Elementos de la solución/">
    <File Path="Directory.Build.props" />
    <File Path="Readme.md" />
  </Folder>
  <Folder Name="/src/">
    <Project Path="src/SGT.Tesis.API/SGT.Tesis.API.csproj" />
    <Project Path="src/SGT.Tesis.Application/SGT.Tesis.Application.csproj" />
    <Project Path="src/SGT.Tesis.Domain/SGT.Tesis.Domain.csproj" />
    <Project Path="src/SGT.Tesis.Infrastructure/SGT.Tesis.Infrastructure.csproj" />
  </Folder>
  <Folder Name="/tests/">
    <Project Path="tests/SGT.Tesis.IntegrationTests/SGT.Tesis.IntegrationTests.csproj" />
    <Project Path="tests/SGT.Tesis.UnitTests/SGT.Tesis.UnitTests.csproj" />
  </Folder>
</Solution>
